// !$*UTF8*$!
{
	archiveVersion = 1;
	classes = {
	};
	objectVersion = 46;
	objects = {

/* Begin PBXBuildFile section */
		2B13B0281E064472004A09D2 /* Menu.swift in Sources */ = {isa = PBXBuildFile; fileRef = 2B13B0271E064472004A09D2 /* Menu.swift */; };
		2B2EA7911CBB03D6001507DD /* CategoryCell.swift in Sources */ = {isa = PBXBuildFile; fileRef = 2B2EA7821CBB03D6001507DD /* CategoryCell.swift */; };
		2B2EA7921CBB03D6001507DD /* PlaceMainMenu.swift in Sources */ = {isa = PBXBuildFile; fileRef = 2B2EA7831CBB03D6001507DD /* PlaceMainMenu.swift */; };
		2B2EA7931CBB03D6001507DD /* DishCell.swift in Sources */ = {isa = PBXBuildFile; fileRef = 2B2EA7841CBB03D6001507DD /* DishCell.swift */; };
		2B2EA7941CBB03D6001507DD /* AppDelegate.swift in Sources */ = {isa = PBXBuildFile; fileRef = 2B2EA7851CBB03D6001507DD /* AppDelegate.swift */; };
		2B2EA7951CBB03D6001507DD /* ActionCell.swift in Sources */ = {isa = PBXBuildFile; fileRef = 2B2EA7861CBB03D6001507DD /* ActionCell.swift */; };
		2B2EA7961CBB03D6001507DD /* BucketCell.swift in Sources */ = {isa = PBXBuildFile; fileRef = 2B2EA7871CBB03D6001507DD /* BucketCell.swift */; };
		2B2EA7971CBB03D6001507DD /* Protocols.swift in Sources */ = {isa = PBXBuildFile; fileRef = 2B2EA7881CBB03D6001507DD /* Protocols.swift */; };
		2B2EA7981CBB03D6001507DD /* Bucket.swift in Sources */ = {isa = PBXBuildFile; fileRef = 2B2EA7891CBB03D6001507DD /* Bucket.swift */; };
		2B2EA7991CBB03D6001507DD /* Category.swift in Sources */ = {isa = PBXBuildFile; fileRef = 2B2EA78A1CBB03D6001507DD /* Category.swift */; };
		2B2EA79A1CBB03D6001507DD /* Dish.swift in Sources */ = {isa = PBXBuildFile; fileRef = 2B2EA78B1CBB03D6001507DD /* Dish.swift */; };
		2B2EA79B1CBB03D6001507DD /* PlaceCell.swift in Sources */ = {isa = PBXBuildFile; fileRef = 2B2EA78C1CBB03D6001507DD /* PlaceCell.swift */; };
		2B2EA79D1CBB03D6001507DD /* SingleTone.swift in Sources */ = {isa = PBXBuildFile; fileRef = 2B2EA78E1CBB03D6001507DD /* SingleTone.swift */; };
		2B2EA79E1CBB03D6001507DD /* Place.swift in Sources */ = {isa = PBXBuildFile; fileRef = 2B2EA78F1CBB03D6001507DD /* Place.swift */; };
		2B2EA7A21CBB03F7001507DD /* Main.storyboard in Resources */ = {isa = PBXBuildFile; fileRef = 2B2EA7A01CBB03F7001507DD /* Main.storyboard */; };
		2B2EA7AC1CBB0403001507DD /* ReserveVC.swift in Sources */ = {isa = PBXBuildFile; fileRef = 2B2EA7A41CBB0403001507DD /* ReserveVC.swift */; };
		2B2EA7AD1CBB0403001507DD /* GetTableIdVC.swift in Sources */ = {isa = PBXBuildFile; fileRef = 2B2EA7A51CBB0403001507DD /* GetTableIdVC.swift */; };
		2B2EA7B01CBB0403001507DD /* BucketVC.swift in Sources */ = {isa = PBXBuildFile; fileRef = 2B2EA7A81CBB0403001507DD /* BucketVC.swift */; };
		2B2EA7B11CBB0403001507DD /* PlacesListVC.swift in Sources */ = {isa = PBXBuildFile; fileRef = 2B2EA7A91CBB0403001507DD /* PlacesListVC.swift */; };
		2B2EA7B21CBB0403001507DD /* DishesVC.swift in Sources */ = {isa = PBXBuildFile; fileRef = 2B2EA7AA1CBB0403001507DD /* DishesVC.swift */; };
		2B2EA7B31CBB0403001507DD /* CategoriesVC.swift in Sources */ = {isa = PBXBuildFile; fileRef = 2B2EA7AB1CBB0403001507DD /* CategoriesVC.swift */; };
		2B2EA7B51CBB0542001507DD /* Assets.xcassets in Resources */ = {isa = PBXBuildFile; fileRef = 2B2EA7B41CBB0542001507DD /* Assets.xcassets */; };
		2B2EA7B71CBE4381001507DD /* SimulatorTableId.swift in Sources */ = {isa = PBXBuildFile; fileRef = 2B2EA7B61CBE4381001507DD /* SimulatorTableId.swift */; };
		2B3A98911E061B2100AF01DC /* NetworkClient.swift in Sources */ = {isa = PBXBuildFile; fileRef = 2B3A98901E061B2100AF01DC /* NetworkClient.swift */; };
		2B46285F1E170FC400B5F011 /* LoginViewController.swift in Sources */ = {isa = PBXBuildFile; fileRef = 2B46285E1E170FC400B5F011 /* LoginViewController.swift */; };
		2B4A4D031E27626900E86208 /* User.swift in Sources */ = {isa = PBXBuildFile; fileRef = 2B4A4D021E27626900E86208 /* User.swift */; };
		2B665C431E2301DB005C4651 /* PlaceTransform.swift in Sources */ = {isa = PBXBuildFile; fileRef = 2B665C421E2301DB005C4651 /* PlaceTransform.swift */; };
		2B982BA21D02335400151D88 /* MyOrdersController.swift in Sources */ = {isa = PBXBuildFile; fileRef = 2B982BA11D02335400151D88 /* MyOrdersController.swift */; };
		2B982BA41D0240AB00151D88 /* myOrderCell.swift in Sources */ = {isa = PBXBuildFile; fileRef = 2B982BA31D0240AB00151D88 /* myOrderCell.swift */; };
		2BCFC4161ED3F67700761283 /* OrderMEUITests.swift in Sources */ = {isa = PBXBuildFile; fileRef = 2BCFC4151ED3F67700761283 /* OrderMEUITests.swift */; };
		2BCFC41E1ED7DCA800761283 /* BaseTest.swift in Sources */ = {isa = PBXBuildFile; fileRef = 2BCFC41D1ED7DCA800761283 /* BaseTest.swift */; };
		2BD80F771EE110F700C57A89 /* LoginScreen.swift in Sources */ = {isa = PBXBuildFile; fileRef = 2BD80F761EE110F700C57A89 /* LoginScreen.swift */; };
		2BD80F791EE111AD00C57A89 /* BaseScreen.swift in Sources */ = {isa = PBXBuildFile; fileRef = 2BD80F781EE111AD00C57A89 /* BaseScreen.swift */; };
		2BD80F7B1EE1141700C57A89 /* XCUIElementExtension.swift in Sources */ = {isa = PBXBuildFile; fileRef = 2BD80F7A1EE1141700C57A89 /* XCUIElementExtension.swift */; };
		2BD80F7D1EE117B500C57A89 /* TabBarScreen.swift in Sources */ = {isa = PBXBuildFile; fileRef = 2BD80F7C1EE117B500C57A89 /* TabBarScreen.swift */; };
		2BD80F7F1EE11AEE00C57A89 /* RestaurantDetailsScreen.swift in Sources */ = {isa = PBXBuildFile; fileRef = 2BD80F7E1EE11AEE00C57A89 /* RestaurantDetailsScreen.swift */; };
		2BD80F821EEA4D6000C57A89 /* ServerManager.swift in Sources */ = {isa = PBXBuildFile; fileRef = 2BD80F811EEA4D6000C57A89 /* ServerManager.swift */; };
		2BD80F831EEA502C00C57A89 /* Place.swift in Sources */ = {isa = PBXBuildFile; fileRef = 2B2EA78F1CBB03D6001507DD /* Place.swift */; };
		2BD9637E1CEDDE2B007913B0 /* Order.swift in Sources */ = {isa = PBXBuildFile; fileRef = 2BD9637D1CEDDE2B007913B0 /* Order.swift */; };
		2BDAF05C1EEF9693008E5693 /* TestUser.swift in Sources */ = {isa = PBXBuildFile; fileRef = 2BDAF05B1EEF9693008E5693 /* TestUser.swift */; };
		2BDAF05E1EEF98C7008E5693 /* ReservationTest.swift in Sources */ = {isa = PBXBuildFile; fileRef = 2BDAF05D1EEF98C7008E5693 /* ReservationTest.swift */; };
		2BDAF0601EF39223008E5693 /* ReservationScreen.swift in Sources */ = {isa = PBXBuildFile; fileRef = 2BDAF05F1EF39223008E5693 /* ReservationScreen.swift */; };
		2BE8372B1CFF818800506130 /* MyTabBarController.swift in Sources */ = {isa = PBXBuildFile; fileRef = 2BE8372A1CFF818800506130 /* MyTabBarController.swift */; };
		2BE8372D1CFF91D400506130 /* MyReservesController.swift in Sources */ = {isa = PBXBuildFile; fileRef = 2BE8372C1CFF91D400506130 /* MyReservesController.swift */; };
		2BE8372F1CFF9EE800506130 /* FutureReserveCell.swift in Sources */ = {isa = PBXBuildFile; fileRef = 2BE8372E1CFF9EE800506130 /* FutureReserveCell.swift */; };
		2BE837311CFF9EF300506130 /* PastReserveCell.swift in Sources */ = {isa = PBXBuildFile; fileRef = 2BE837301CFF9EF300506130 /* PastReserveCell.swift */; };
		2BE837331CFFA10000506130 /* Reserve.swift in Sources */ = {isa = PBXBuildFile; fileRef = 2BE837321CFFA10000506130 /* Reserve.swift */; };
		9FDFB94A331208B7D8FE4AA3 /* Pods_OrderMEUITests.framework in Frameworks */ = {isa = PBXBuildFile; fileRef = B2E078C118644F1F4B98483F /* Pods_OrderMEUITests.framework */; };
		E8E4BF6160F8C100D1B12500 /* Pods_orderMe.framework in Frameworks */ = {isa = PBXBuildFile; fileRef = 1BAD16F67A289A8CEBEDC646 /* Pods_orderMe.framework */; };
/* End PBXBuildFile section */

/* Begin PBXContainerItemProxy section */
		2BCFC4181ED3F67700761283 /* PBXContainerItemProxy */ = {
			isa = PBXContainerItemProxy;
			containerPortal = 2B2EA7611CBB0377001507DD /* Project object */;
			proxyType = 1;
			remoteGlobalIDString = 2B2EA7681CBB0377001507DD;
			remoteInfo = orderMe;
		};
/* End PBXContainerItemProxy section */

/* Begin PBXFileReference section */
		0A1E6C06FD11E1DB88A716D9 /* Pods-OrderMEUITests.release.xcconfig */ = {isa = PBXFileReference; includeInIndex = 1; lastKnownFileType = text.xcconfig; name = "Pods-OrderMEUITests.release.xcconfig"; path = "Pods/Target Support Files/Pods-OrderMEUITests/Pods-OrderMEUITests.release.xcconfig"; sourceTree = "<group>"; };
		1976FAADE5304B218A816420 /* Pods-OrderMEUITests.debug.xcconfig */ = {isa = PBXFileReference; includeInIndex = 1; lastKnownFileType = text.xcconfig; name = "Pods-OrderMEUITests.debug.xcconfig"; path = "Pods/Target Support Files/Pods-OrderMEUITests/Pods-OrderMEUITests.debug.xcconfig"; sourceTree = "<group>"; };
		1BAD16F67A289A8CEBEDC646 /* Pods_orderMe.framework */ = {isa = PBXFileReference; explicitFileType = wrapper.framework; includeInIndex = 0; path = Pods_orderMe.framework; sourceTree = BUILT_PRODUCTS_DIR; };
		2A1C0503B5E49B7148C83F5D /* Pods-orderMe.release.xcconfig */ = {isa = PBXFileReference; includeInIndex = 1; lastKnownFileType = text.xcconfig; name = "Pods-orderMe.release.xcconfig"; path = "Pods/Target Support Files/Pods-orderMe/Pods-orderMe.release.xcconfig"; sourceTree = "<group>"; };
		2B13B0271E064472004A09D2 /* Menu.swift */ = {isa = PBXFileReference; fileEncoding = 4; lastKnownFileType = sourcecode.swift; path = Menu.swift; sourceTree = "<group>"; };
		2B2EA7691CBB0377001507DD /* OrderME.app */ = {isa = PBXFileReference; explicitFileType = wrapper.application; includeInIndex = 0; path = OrderME.app; sourceTree = BUILT_PRODUCTS_DIR; };
		2B2EA7781CBB0377001507DD /* Info.plist */ = {isa = PBXFileReference; lastKnownFileType = text.plist.xml; path = Info.plist; sourceTree = "<group>"; };
		2B2EA7821CBB03D6001507DD /* CategoryCell.swift */ = {isa = PBXFileReference; fileEncoding = 4; lastKnownFileType = sourcecode.swift; path = CategoryCell.swift; sourceTree = "<group>"; };
		2B2EA7831CBB03D6001507DD /* PlaceMainMenu.swift */ = {isa = PBXFileReference; fileEncoding = 4; lastKnownFileType = sourcecode.swift; path = PlaceMainMenu.swift; sourceTree = "<group>"; };
		2B2EA7841CBB03D6001507DD /* DishCell.swift */ = {isa = PBXFileReference; fileEncoding = 4; lastKnownFileType = sourcecode.swift; path = DishCell.swift; sourceTree = "<group>"; };
		2B2EA7851CBB03D6001507DD /* AppDelegate.swift */ = {isa = PBXFileReference; fileEncoding = 4; lastKnownFileType = sourcecode.swift; path = AppDelegate.swift; sourceTree = "<group>"; };
		2B2EA7861CBB03D6001507DD /* ActionCell.swift */ = {isa = PBXFileReference; fileEncoding = 4; lastKnownFileType = sourcecode.swift; path = ActionCell.swift; sourceTree = "<group>"; };
		2B2EA7871CBB03D6001507DD /* BucketCell.swift */ = {isa = PBXFileReference; fileEncoding = 4; lastKnownFileType = sourcecode.swift; path = BucketCell.swift; sourceTree = "<group>"; };
		2B2EA7881CBB03D6001507DD /* Protocols.swift */ = {isa = PBXFileReference; fileEncoding = 4; lastKnownFileType = sourcecode.swift; path = Protocols.swift; sourceTree = "<group>"; };
		2B2EA7891CBB03D6001507DD /* Bucket.swift */ = {isa = PBXFileReference; fileEncoding = 4; lastKnownFileType = sourcecode.swift; path = Bucket.swift; sourceTree = "<group>"; };
		2B2EA78A1CBB03D6001507DD /* Category.swift */ = {isa = PBXFileReference; fileEncoding = 4; lastKnownFileType = sourcecode.swift; path = Category.swift; sourceTree = "<group>"; };
		2B2EA78B1CBB03D6001507DD /* Dish.swift */ = {isa = PBXFileReference; fileEncoding = 4; lastKnownFileType = sourcecode.swift; path = Dish.swift; sourceTree = "<group>"; };
		2B2EA78C1CBB03D6001507DD /* PlaceCell.swift */ = {isa = PBXFileReference; fileEncoding = 4; lastKnownFileType = sourcecode.swift; path = PlaceCell.swift; sourceTree = "<group>"; };
		2B2EA78E1CBB03D6001507DD /* SingleTone.swift */ = {isa = PBXFileReference; fileEncoding = 4; lastKnownFileType = sourcecode.swift; path = SingleTone.swift; sourceTree = "<group>"; };
		2B2EA78F1CBB03D6001507DD /* Place.swift */ = {isa = PBXFileReference; fileEncoding = 4; lastKnownFileType = sourcecode.swift; path = Place.swift; sourceTree = "<group>"; };
		2B2EA7A01CBB03F7001507DD /* Main.storyboard */ = {isa = PBXFileReference; fileEncoding = 4; lastKnownFileType = file.storyboard; path = Main.storyboard; sourceTree = "<group>"; };
		2B2EA7A41CBB0403001507DD /* ReserveVC.swift */ = {isa = PBXFileReference; fileEncoding = 4; lastKnownFileType = sourcecode.swift; path = ReserveVC.swift; sourceTree = "<group>"; };
		2B2EA7A51CBB0403001507DD /* GetTableIdVC.swift */ = {isa = PBXFileReference; fileEncoding = 4; lastKnownFileType = sourcecode.swift; path = GetTableIdVC.swift; sourceTree = "<group>"; };
		2B2EA7A81CBB0403001507DD /* BucketVC.swift */ = {isa = PBXFileReference; fileEncoding = 4; lastKnownFileType = sourcecode.swift; path = BucketVC.swift; sourceTree = "<group>"; };
		2B2EA7A91CBB0403001507DD /* PlacesListVC.swift */ = {isa = PBXFileReference; fileEncoding = 4; lastKnownFileType = sourcecode.swift; path = PlacesListVC.swift; sourceTree = "<group>"; };
		2B2EA7AA1CBB0403001507DD /* DishesVC.swift */ = {isa = PBXFileReference; fileEncoding = 4; lastKnownFileType = sourcecode.swift; path = DishesVC.swift; sourceTree = "<group>"; };
		2B2EA7AB1CBB0403001507DD /* CategoriesVC.swift */ = {isa = PBXFileReference; fileEncoding = 4; lastKnownFileType = sourcecode.swift; path = CategoriesVC.swift; sourceTree = "<group>"; };
		2B2EA7B41CBB0542001507DD /* Assets.xcassets */ = {isa = PBXFileReference; lastKnownFileType = folder.assetcatalog; path = Assets.xcassets; sourceTree = "<group>"; };
		2B2EA7B61CBE4381001507DD /* SimulatorTableId.swift */ = {isa = PBXFileReference; fileEncoding = 4; lastKnownFileType = sourcecode.swift; path = SimulatorTableId.swift; sourceTree = "<group>"; };
		2B3A98901E061B2100AF01DC /* NetworkClient.swift */ = {isa = PBXFileReference; fileEncoding = 4; lastKnownFileType = sourcecode.swift; path = NetworkClient.swift; sourceTree = "<group>"; };
		2B46285E1E170FC400B5F011 /* LoginViewController.swift */ = {isa = PBXFileReference; fileEncoding = 4; lastKnownFileType = sourcecode.swift; path = LoginViewController.swift; sourceTree = "<group>"; };
		2B4A4CD81E25987A00E86208 /* OrderME.entitlements */ = {isa = PBXFileReference; lastKnownFileType = text.plist.entitlements; path = OrderME.entitlements; sourceTree = "<group>"; };
		2B4A4D021E27626900E86208 /* User.swift */ = {isa = PBXFileReference; fileEncoding = 4; lastKnownFileType = sourcecode.swift; path = User.swift; sourceTree = "<group>"; };
		2B665C421E2301DB005C4651 /* PlaceTransform.swift */ = {isa = PBXFileReference; fileEncoding = 4; lastKnownFileType = sourcecode.swift; path = PlaceTransform.swift; sourceTree = "<group>"; };
		2B982BA11D02335400151D88 /* MyOrdersController.swift */ = {isa = PBXFileReference; fileEncoding = 4; lastKnownFileType = sourcecode.swift; path = MyOrdersController.swift; sourceTree = "<group>"; };
		2B982BA31D0240AB00151D88 /* myOrderCell.swift */ = {isa = PBXFileReference; fileEncoding = 4; lastKnownFileType = sourcecode.swift; path = myOrderCell.swift; sourceTree = "<group>"; };
		2BCFC4131ED3F67700761283 /* OrderMEUITests.xctest */ = {isa = PBXFileReference; explicitFileType = wrapper.cfbundle; includeInIndex = 0; path = OrderMEUITests.xctest; sourceTree = BUILT_PRODUCTS_DIR; };
		2BCFC4151ED3F67700761283 /* OrderMEUITests.swift */ = {isa = PBXFileReference; lastKnownFileType = sourcecode.swift; path = OrderMEUITests.swift; sourceTree = "<group>"; };
		2BCFC4171ED3F67700761283 /* Info.plist */ = {isa = PBXFileReference; lastKnownFileType = text.plist.xml; path = Info.plist; sourceTree = "<group>"; };
		2BCFC41D1ED7DCA800761283 /* BaseTest.swift */ = {isa = PBXFileReference; fileEncoding = 4; lastKnownFileType = sourcecode.swift; path = BaseTest.swift; sourceTree = "<group>"; };
		2BD80F761EE110F700C57A89 /* LoginScreen.swift */ = {isa = PBXFileReference; fileEncoding = 4; lastKnownFileType = sourcecode.swift; path = LoginScreen.swift; sourceTree = "<group>"; };
		2BD80F781EE111AD00C57A89 /* BaseScreen.swift */ = {isa = PBXFileReference; fileEncoding = 4; lastKnownFileType = sourcecode.swift; path = BaseScreen.swift; sourceTree = "<group>"; };
		2BD80F7A1EE1141700C57A89 /* XCUIElementExtension.swift */ = {isa = PBXFileReference; fileEncoding = 4; lastKnownFileType = sourcecode.swift; path = XCUIElementExtension.swift; sourceTree = "<group>"; };
		2BD80F7C1EE117B500C57A89 /* TabBarScreen.swift */ = {isa = PBXFileReference; fileEncoding = 4; lastKnownFileType = sourcecode.swift; path = TabBarScreen.swift; sourceTree = "<group>"; };
		2BD80F7E1EE11AEE00C57A89 /* RestaurantDetailsScreen.swift */ = {isa = PBXFileReference; fileEncoding = 4; lastKnownFileType = sourcecode.swift; path = RestaurantDetailsScreen.swift; sourceTree = "<group>"; };
		2BD80F811EEA4D6000C57A89 /* ServerManager.swift */ = {isa = PBXFileReference; fileEncoding = 4; lastKnownFileType = sourcecode.swift; path = ServerManager.swift; sourceTree = "<group>"; };
		2BD9637D1CEDDE2B007913B0 /* Order.swift */ = {isa = PBXFileReference; fileEncoding = 4; lastKnownFileType = sourcecode.swift; path = Order.swift; sourceTree = "<group>"; };
		2BDAF05B1EEF9693008E5693 /* TestUser.swift */ = {isa = PBXFileReference; fileEncoding = 4; lastKnownFileType = sourcecode.swift; path = TestUser.swift; sourceTree = "<group>"; };
		2BDAF05D1EEF98C7008E5693 /* ReservationTest.swift */ = {isa = PBXFileReference; fileEncoding = 4; lastKnownFileType = sourcecode.swift; path = ReservationTest.swift; sourceTree = "<group>"; };
		2BDAF05F1EF39223008E5693 /* ReservationScreen.swift */ = {isa = PBXFileReference; fileEncoding = 4; lastKnownFileType = sourcecode.swift; path = ReservationScreen.swift; sourceTree = "<group>"; };
		2BE8372A1CFF818800506130 /* MyTabBarController.swift */ = {isa = PBXFileReference; fileEncoding = 4; lastKnownFileType = sourcecode.swift; path = MyTabBarController.swift; sourceTree = "<group>"; };
		2BE8372C1CFF91D400506130 /* MyReservesController.swift */ = {isa = PBXFileReference; fileEncoding = 4; lastKnownFileType = sourcecode.swift; path = MyReservesController.swift; sourceTree = "<group>"; };
		2BE8372E1CFF9EE800506130 /* FutureReserveCell.swift */ = {isa = PBXFileReference; fileEncoding = 4; lastKnownFileType = sourcecode.swift; path = FutureReserveCell.swift; sourceTree = "<group>"; };
		2BE837301CFF9EF300506130 /* PastReserveCell.swift */ = {isa = PBXFileReference; fileEncoding = 4; lastKnownFileType = sourcecode.swift; path = PastReserveCell.swift; sourceTree = "<group>"; };
		2BE837321CFFA10000506130 /* Reserve.swift */ = {isa = PBXFileReference; fileEncoding = 4; lastKnownFileType = sourcecode.swift; path = Reserve.swift; sourceTree = "<group>"; };
		A02526015C2AC40E8E286088 /* Pods-orderMe.debug.xcconfig */ = {isa = PBXFileReference; includeInIndex = 1; lastKnownFileType = text.xcconfig; name = "Pods-orderMe.debug.xcconfig"; path = "Pods/Target Support Files/Pods-orderMe/Pods-orderMe.debug.xcconfig"; sourceTree = "<group>"; };
		B2E078C118644F1F4B98483F /* Pods_OrderMEUITests.framework */ = {isa = PBXFileReference; explicitFileType = wrapper.framework; includeInIndex = 0; path = Pods_OrderMEUITests.framework; sourceTree = BUILT_PRODUCTS_DIR; };
/* End PBXFileReference section */

/* Begin PBXFrameworksBuildPhase section */
		2B2EA7661CBB0377001507DD /* Frameworks */ = {
			isa = PBXFrameworksBuildPhase;
			buildActionMask = 2147483647;
			files = (
				E8E4BF6160F8C100D1B12500 /* Pods_orderMe.framework in Frameworks */,
			);
			runOnlyForDeploymentPostprocessing = 0;
		};
		2BCFC4101ED3F67700761283 /* Frameworks */ = {
			isa = PBXFrameworksBuildPhase;
			buildActionMask = 2147483647;
			files = (
				9FDFB94A331208B7D8FE4AA3 /* Pods_OrderMEUITests.framework in Frameworks */,
			);
			runOnlyForDeploymentPostprocessing = 0;
		};
/* End PBXFrameworksBuildPhase section */

/* Begin PBXGroup section */
		2B09DF341E2849D700EF2BEF /* Singletons */ = {
			isa = PBXGroup;
			children = (
				2B2EA78E1CBB03D6001507DD /* SingleTone.swift */,
				2B2EA7891CBB03D6001507DD /* Bucket.swift */,
			);
			name = Singletons;
			sourceTree = "<group>";
		};
		2B2EA7601CBB0377001507DD = {
			isa = PBXGroup;
			children = (
				2B2EA76B1CBB0377001507DD /* orderMe */,
				2BCFC4141ED3F67700761283 /* OrderMEUITests */,
				2B2EA76A1CBB0377001507DD /* Products */,
				C9DF39D983637B40F1924EE8 /* Pods */,
				ED4E7941F9C50F3BEA03680F /* Frameworks */,
			);
			sourceTree = "<group>";
		};
		2B2EA76A1CBB0377001507DD /* Products */ = {
			isa = PBXGroup;
			children = (
				2B2EA7691CBB0377001507DD /* OrderME.app */,
				2BCFC4131ED3F67700761283 /* OrderMEUITests.xctest */,
			);
			name = Products;
			sourceTree = "<group>";
		};
		2B2EA76B1CBB0377001507DD /* orderMe */ = {
			isa = PBXGroup;
			children = (
				2B4A4CD81E25987A00E86208 /* OrderME.entitlements */,
				2B2EA7B41CBB0542001507DD /* Assets.xcassets */,
				2B2EA7781CBB0377001507DD /* Info.plist */,
				2B2EA7851CBB03D6001507DD /* AppDelegate.swift */,
				2B2EA7801CBB03C0001507DD /* Model */,
				2B2EA77F1CBB03BB001507DD /* View */,
				2B2EA77E1CBB03B1001507DD /* Controller */,
			);
			path = orderMe;
			sourceTree = "<group>";
		};
		2B2EA77E1CBB03B1001507DD /* Controller */ = {
			isa = PBXGroup;
			children = (
				2B46285E1E170FC400B5F011 /* LoginViewController.swift */,
				2BE8372A1CFF818800506130 /* MyTabBarController.swift */,
				2B2EA7A91CBB0403001507DD /* PlacesListVC.swift */,
				2B2EA7831CBB03D6001507DD /* PlaceMainMenu.swift */,
				2B2EA7B61CBE4381001507DD /* SimulatorTableId.swift */,
				2B2EA7A51CBB0403001507DD /* GetTableIdVC.swift */,
				2B2EA7AB1CBB0403001507DD /* CategoriesVC.swift */,
				2B2EA7AA1CBB0403001507DD /* DishesVC.swift */,
				2B2EA7A81CBB0403001507DD /* BucketVC.swift */,
				2B2EA7A41CBB0403001507DD /* ReserveVC.swift */,
				2BE8372C1CFF91D400506130 /* MyReservesController.swift */,
				2B982BA11D02335400151D88 /* MyOrdersController.swift */,
			);
			name = Controller;
			sourceTree = "<group>";
		};
		2B2EA77F1CBB03BB001507DD /* View */ = {
			isa = PBXGroup;
			children = (
				2B2EA7A01CBB03F7001507DD /* Main.storyboard */,
			);
			name = View;
			sourceTree = "<group>";
		};
		2B2EA7801CBB03C0001507DD /* Model */ = {
			isa = PBXGroup;
			children = (
				2B3A98931E061D7900AF01DC /* Objects */,
				2B665C411E2301BD005C4651 /* JsonTransforms */,
				2B3A98941E061D8900AF01DC /* Cells */,
				2B3A98921E061D6800AF01DC /* Networking */,
				2B09DF341E2849D700EF2BEF /* Singletons */,
				2B2EA7881CBB03D6001507DD /* Protocols.swift */,
			);
			name = Model;
			sourceTree = "<group>";
		};
		2B3A98921E061D6800AF01DC /* Networking */ = {
			isa = PBXGroup;
			children = (
				2B3A98901E061B2100AF01DC /* NetworkClient.swift */,
			);
			name = Networking;
			sourceTree = "<group>";
		};
		2B3A98931E061D7900AF01DC /* Objects */ = {
			isa = PBXGroup;
			children = (
				2B2EA78F1CBB03D6001507DD /* Place.swift */,
				2B2EA78A1CBB03D6001507DD /* Category.swift */,
				2B2EA78B1CBB03D6001507DD /* Dish.swift */,
				2B13B0271E064472004A09D2 /* Menu.swift */,
				2BE837321CFFA10000506130 /* Reserve.swift */,
				2BD9637D1CEDDE2B007913B0 /* Order.swift */,
				2B4A4D021E27626900E86208 /* User.swift */,
			);
			name = Objects;
			sourceTree = "<group>";
		};
		2B3A98941E061D8900AF01DC /* Cells */ = {
			isa = PBXGroup;
			children = (
				2B2EA78C1CBB03D6001507DD /* PlaceCell.swift */,
				2B2EA7821CBB03D6001507DD /* CategoryCell.swift */,
				2B2EA7841CBB03D6001507DD /* DishCell.swift */,
				2B2EA7861CBB03D6001507DD /* ActionCell.swift */,
				2BE8372E1CFF9EE800506130 /* FutureReserveCell.swift */,
				2BE837301CFF9EF300506130 /* PastReserveCell.swift */,
				2B982BA31D0240AB00151D88 /* myOrderCell.swift */,
				2B2EA7871CBB03D6001507DD /* BucketCell.swift */,
			);
			name = Cells;
			sourceTree = "<group>";
		};
		2B665C411E2301BD005C4651 /* JsonTransforms */ = {
			isa = PBXGroup;
			children = (
				2B665C421E2301DB005C4651 /* PlaceTransform.swift */,
			);
			name = JsonTransforms;
			sourceTree = "<group>";
		};
		2BCFC4141ED3F67700761283 /* OrderMEUITests */ = {
			isa = PBXGroup;
			children = (
				2BD80F801EEA4D3F00C57A89 /* Support */,
				2BD80F751EE110CB00C57A89 /* Screens */,
				2BCFC4151ED3F67700761283 /* OrderMEUITests.swift */,
				2BCFC4171ED3F67700761283 /* Info.plist */,
				2BCFC41D1ED7DCA800761283 /* BaseTest.swift */,
				2BD80F7A1EE1141700C57A89 /* XCUIElementExtension.swift */,
				2BDAF05D1EEF98C7008E5693 /* ReservationTest.swift */,
			);
			path = OrderMEUITests;
			sourceTree = "<group>";
		};
		2BD80F751EE110CB00C57A89 /* Screens */ = {
			isa = PBXGroup;
			children = (
				2BD80F761EE110F700C57A89 /* LoginScreen.swift */,
				2BD80F781EE111AD00C57A89 /* BaseScreen.swift */,
				2BD80F7C1EE117B500C57A89 /* TabBarScreen.swift */,
				2BD80F7E1EE11AEE00C57A89 /* RestaurantDetailsScreen.swift */,
				2BDAF05F1EF39223008E5693 /* ReservationScreen.swift */,
			);
			name = Screens;
			sourceTree = "<group>";
		};
		2BD80F801EEA4D3F00C57A89 /* Support */ = {
			isa = PBXGroup;
			children = (
				2BD80F811EEA4D6000C57A89 /* ServerManager.swift */,
				2BDAF05B1EEF9693008E5693 /* TestUser.swift */,
			);
			name = Support;
			sourceTree = "<group>";
		};
		C9DF39D983637B40F1924EE8 /* Pods */ = {
			isa = PBXGroup;
			children = (
				A02526015C2AC40E8E286088 /* Pods-orderMe.debug.xcconfig */,
				2A1C0503B5E49B7148C83F5D /* Pods-orderMe.release.xcconfig */,
				1976FAADE5304B218A816420 /* Pods-OrderMEUITests.debug.xcconfig */,
				0A1E6C06FD11E1DB88A716D9 /* Pods-OrderMEUITests.release.xcconfig */,
			);
			name = Pods;
			sourceTree = "<group>";
		};
		ED4E7941F9C50F3BEA03680F /* Frameworks */ = {
			isa = PBXGroup;
			children = (
				1BAD16F67A289A8CEBEDC646 /* Pods_orderMe.framework */,
				B2E078C118644F1F4B98483F /* Pods_OrderMEUITests.framework */,
			);
			name = Frameworks;
			sourceTree = "<group>";
		};
/* End PBXGroup section */

/* Begin PBXNativeTarget section */
		2B2EA7681CBB0377001507DD /* orderMe */ = {
			isa = PBXNativeTarget;
			buildConfigurationList = 2B2EA77B1CBB0377001507DD /* Build configuration list for PBXNativeTarget "orderMe" */;
			buildPhases = (
				842538B1ECA89D2A457917D9 /* [CP] Check Pods Manifest.lock */,
				2B2EA7651CBB0377001507DD /* Sources */,
				2B2EA7661CBB0377001507DD /* Frameworks */,
				2B2EA7671CBB0377001507DD /* Resources */,
				CCC3C6237C0F3B25C5950EFD /* [CP] Embed Pods Frameworks */,
				F6C86F09D9342C1C1C5AF030 /* [CP] Copy Pods Resources */,
			);
			buildRules = (
			);
			dependencies = (
			);
			name = orderMe;
			productName = orderMe;
			productReference = 2B2EA7691CBB0377001507DD /* OrderME.app */;
			productType = "com.apple.product-type.application";
		};
		2BCFC4121ED3F67700761283 /* OrderMEUITests */ = {
			isa = PBXNativeTarget;
			buildConfigurationList = 2BCFC41C1ED3F67700761283 /* Build configuration list for PBXNativeTarget "OrderMEUITests" */;
			buildPhases = (
				F021FECAA0EBB4453EEB2B16 /* [CP] Check Pods Manifest.lock */,
				2BCFC40F1ED3F67700761283 /* Sources */,
				2BCFC4101ED3F67700761283 /* Frameworks */,
				2BCFC4111ED3F67700761283 /* Resources */,
				651C1F9184F29FF55F10A70F /* [CP] Embed Pods Frameworks */,
				08C4CACE573A84D857D502B0 /* [CP] Copy Pods Resources */,
			);
			buildRules = (
			);
			dependencies = (
				2BCFC4191ED3F67700761283 /* PBXTargetDependency */,
			);
			name = OrderMEUITests;
			productName = OrderMEUITests;
			productReference = 2BCFC4131ED3F67700761283 /* OrderMEUITests.xctest */;
			productType = "com.apple.product-type.bundle.ui-testing";
		};
/* End PBXNativeTarget section */

/* Begin PBXProject section */
		2B2EA7611CBB0377001507DD /* Project object */ = {
			isa = PBXProject;
			attributes = {
				LastSwiftUpdateCheck = 0830;
				LastUpgradeCheck = 0800;
				ORGANIZATIONNAME = "Boris Gurtovoy";
				TargetAttributes = {
					2B2EA7681CBB0377001507DD = {
						CreatedOnToolsVersion = 7.3;
						DevelopmentTeam = WN6V8DZ29J;
						LastSwiftMigration = 0800;
						SystemCapabilities = {
							com.apple.Keychain = {
								enabled = 1;
							};
						};
					};
					2BCFC4121ED3F67700761283 = {
						CreatedOnToolsVersion = 8.3;
						DevelopmentTeam = C9Y48E93GG;
						ProvisioningStyle = Automatic;
						TestTargetID = 2B2EA7681CBB0377001507DD;
					};
				};
			};
			buildConfigurationList = 2B2EA7641CBB0377001507DD /* Build configuration list for PBXProject "orderMe" */;
			compatibilityVersion = "Xcode 3.2";
			developmentRegion = English;
			hasScannedForEncodings = 0;
			knownRegions = (
				en,
				Base,
			);
			mainGroup = 2B2EA7601CBB0377001507DD;
			productRefGroup = 2B2EA76A1CBB0377001507DD /* Products */;
			projectDirPath = "";
			projectRoot = "";
			targets = (
				2B2EA7681CBB0377001507DD /* orderMe */,
				2BCFC4121ED3F67700761283 /* OrderMEUITests */,
			);
		};
/* End PBXProject section */

/* Begin PBXResourcesBuildPhase section */
		2B2EA7671CBB0377001507DD /* Resources */ = {
			isa = PBXResourcesBuildPhase;
			buildActionMask = 2147483647;
			files = (
				2B2EA7A21CBB03F7001507DD /* Main.storyboard in Resources */,
				2B2EA7B51CBB0542001507DD /* Assets.xcassets in Resources */,
			);
			runOnlyForDeploymentPostprocessing = 0;
		};
		2BCFC4111ED3F67700761283 /* Resources */ = {
			isa = PBXResourcesBuildPhase;
			buildActionMask = 2147483647;
			files = (
			);
			runOnlyForDeploymentPostprocessing = 0;
		};
/* End PBXResourcesBuildPhase section */

/* Begin PBXShellScriptBuildPhase section */
		08C4CACE573A84D857D502B0 /* [CP] Copy Pods Resources */ = {
			isa = PBXShellScriptBuildPhase;
			buildActionMask = 2147483647;
			files = (
			);
			inputPaths = (
			);
			name = "[CP] Copy Pods Resources";
			outputPaths = (
			);
			runOnlyForDeploymentPostprocessing = 0;
			shellPath = /bin/sh;
			shellScript = "\"${SRCROOT}/Pods/Target Support Files/Pods-OrderMEUITests/Pods-OrderMEUITests-resources.sh\"\n";
			showEnvVarsInLog = 0;
		};
		651C1F9184F29FF55F10A70F /* [CP] Embed Pods Frameworks */ = {
			isa = PBXShellScriptBuildPhase;
			buildActionMask = 2147483647;
			files = (
			);
			inputPaths = (
			);
			name = "[CP] Embed Pods Frameworks";
			outputPaths = (
			);
			runOnlyForDeploymentPostprocessing = 0;
			shellPath = /bin/sh;
			shellScript = "\"${SRCROOT}/Pods/Target Support Files/Pods-OrderMEUITests/Pods-OrderMEUITests-frameworks.sh\"\n";
			showEnvVarsInLog = 0;
		};
		842538B1ECA89D2A457917D9 /* [CP] Check Pods Manifest.lock */ = {
			isa = PBXShellScriptBuildPhase;
			buildActionMask = 2147483647;
			files = (
			);
			inputPaths = (
			);
			name = "[CP] Check Pods Manifest.lock";
			outputPaths = (
			);
			runOnlyForDeploymentPostprocessing = 0;
			shellPath = /bin/sh;
			shellScript = "diff \"${PODS_ROOT}/../Podfile.lock\" \"${PODS_ROOT}/Manifest.lock\" > /dev/null\nif [ $? != 0 ] ; then\n    # print error to STDERR\n    echo \"error: The sandbox is not in sync with the Podfile.lock. Run 'pod install' or update your CocoaPods installation.\" >&2\n    exit 1\nfi\n";
			showEnvVarsInLog = 0;
		};
		CCC3C6237C0F3B25C5950EFD /* [CP] Embed Pods Frameworks */ = {
			isa = PBXShellScriptBuildPhase;
			buildActionMask = 2147483647;
			files = (
			);
			inputPaths = (
			);
			name = "[CP] Embed Pods Frameworks";
			outputPaths = (
			);
			runOnlyForDeploymentPostprocessing = 0;
			shellPath = /bin/sh;
			shellScript = "\"${SRCROOT}/Pods/Target Support Files/Pods-orderMe/Pods-orderMe-frameworks.sh\"\n";
			showEnvVarsInLog = 0;
		};
		F021FECAA0EBB4453EEB2B16 /* [CP] Check Pods Manifest.lock */ = {
			isa = PBXShellScriptBuildPhase;
			buildActionMask = 2147483647;
			files = (
			);
			inputPaths = (
			);
			name = "[CP] Check Pods Manifest.lock";
			outputPaths = (
			);
			runOnlyForDeploymentPostprocessing = 0;
			shellPath = /bin/sh;
			shellScript = "diff \"${PODS_ROOT}/../Podfile.lock\" \"${PODS_ROOT}/Manifest.lock\" > /dev/null\nif [ $? != 0 ] ; then\n    # print error to STDERR\n    echo \"error: The sandbox is not in sync with the Podfile.lock. Run 'pod install' or update your CocoaPods installation.\" >&2\n    exit 1\nfi\n";
			showEnvVarsInLog = 0;
		};
		F6C86F09D9342C1C1C5AF030 /* [CP] Copy Pods Resources */ = {
			isa = PBXShellScriptBuildPhase;
			buildActionMask = 2147483647;
			files = (
			);
			inputPaths = (
			);
			name = "[CP] Copy Pods Resources";
			outputPaths = (
			);
			runOnlyForDeploymentPostprocessing = 0;
			shellPath = /bin/sh;
			shellScript = "\"${SRCROOT}/Pods/Target Support Files/Pods-orderMe/Pods-orderMe-resources.sh\"\n";
			showEnvVarsInLog = 0;
		};
/* End PBXShellScriptBuildPhase section */

/* Begin PBXSourcesBuildPhase section */
		2B2EA7651CBB0377001507DD /* Sources */ = {
			isa = PBXSourcesBuildPhase;
			buildActionMask = 2147483647;
			files = (
				2BE837331CFFA10000506130 /* Reserve.swift in Sources */,
				2B2EA7941CBB03D6001507DD /* AppDelegate.swift in Sources */,
				2BE8372F1CFF9EE800506130 /* FutureReserveCell.swift in Sources */,
				2B2EA79A1CBB03D6001507DD /* Dish.swift in Sources */,
				2B2EA7961CBB03D6001507DD /* BucketCell.swift in Sources */,
				2B2EA7B11CBB0403001507DD /* PlacesListVC.swift in Sources */,
				2BE8372B1CFF818800506130 /* MyTabBarController.swift in Sources */,
				2BE837311CFF9EF300506130 /* PastReserveCell.swift in Sources */,
				2B13B0281E064472004A09D2 /* Menu.swift in Sources */,
				2B2EA7971CBB03D6001507DD /* Protocols.swift in Sources */,
				2B2EA7951CBB03D6001507DD /* ActionCell.swift in Sources */,
				2B982BA21D02335400151D88 /* MyOrdersController.swift in Sources */,
				2B2EA7B71CBE4381001507DD /* SimulatorTableId.swift in Sources */,
				2B4A4D031E27626900E86208 /* User.swift in Sources */,
				2BE8372D1CFF91D400506130 /* MyReservesController.swift in Sources */,
				2B2EA79E1CBB03D6001507DD /* Place.swift in Sources */,
				2B2EA7931CBB03D6001507DD /* DishCell.swift in Sources */,
				2B982BA41D0240AB00151D88 /* myOrderCell.swift in Sources */,
				2B2EA7B31CBB0403001507DD /* CategoriesVC.swift in Sources */,
				2B2EA79B1CBB03D6001507DD /* PlaceCell.swift in Sources */,
				2B2EA7991CBB03D6001507DD /* Category.swift in Sources */,
				2B46285F1E170FC400B5F011 /* LoginViewController.swift in Sources */,
				2B665C431E2301DB005C4651 /* PlaceTransform.swift in Sources */,
				2B2EA7AD1CBB0403001507DD /* GetTableIdVC.swift in Sources */,
				2B2EA7981CBB03D6001507DD /* Bucket.swift in Sources */,
				2B3A98911E061B2100AF01DC /* NetworkClient.swift in Sources */,
				2B2EA7911CBB03D6001507DD /* CategoryCell.swift in Sources */,
				2B2EA7B01CBB0403001507DD /* BucketVC.swift in Sources */,
				2BD9637E1CEDDE2B007913B0 /* Order.swift in Sources */,
				2B2EA79D1CBB03D6001507DD /* SingleTone.swift in Sources */,
				2B2EA7AC1CBB0403001507DD /* ReserveVC.swift in Sources */,
				2B2EA7921CBB03D6001507DD /* PlaceMainMenu.swift in Sources */,
				2B2EA7B21CBB0403001507DD /* DishesVC.swift in Sources */,
			);
			runOnlyForDeploymentPostprocessing = 0;
		};
		2BCFC40F1ED3F67700761283 /* Sources */ = {
			isa = PBXSourcesBuildPhase;
			buildActionMask = 2147483647;
			files = (
				2BDAF0601EF39223008E5693 /* ReservationScreen.swift in Sources */,
				2BD80F821EEA4D6000C57A89 /* ServerManager.swift in Sources */,
				2BCFC41E1ED7DCA800761283 /* BaseTest.swift in Sources */,
				2BCFC4161ED3F67700761283 /* OrderMEUITests.swift in Sources */,
				2BDAF05E1EEF98C7008E5693 /* ReservationTest.swift in Sources */,
				2BD80F791EE111AD00C57A89 /* BaseScreen.swift in Sources */,
				2BD80F7B1EE1141700C57A89 /* XCUIElementExtension.swift in Sources */,
				2BD80F771EE110F700C57A89 /* LoginScreen.swift in Sources */,
				2BD80F831EEA502C00C57A89 /* Place.swift in Sources */,
				2BD80F7F1EE11AEE00C57A89 /* RestaurantDetailsScreen.swift in Sources */,
				2BDAF05C1EEF9693008E5693 /* TestUser.swift in Sources */,
				2BD80F7D1EE117B500C57A89 /* TabBarScreen.swift in Sources */,
			);
			runOnlyForDeploymentPostprocessing = 0;
		};
/* End PBXSourcesBuildPhase section */

/* Begin PBXTargetDependency section */
		2BCFC4191ED3F67700761283 /* PBXTargetDependency */ = {
			isa = PBXTargetDependency;
			target = 2B2EA7681CBB0377001507DD /* orderMe */;
			targetProxy = 2BCFC4181ED3F67700761283 /* PBXContainerItemProxy */;
		};
/* End PBXTargetDependency section */

/* Begin XCBuildConfiguration section */
		2B2EA7791CBB0377001507DD /* Debug */ = {
			isa = XCBuildConfiguration;
			buildSettings = {
				ALWAYS_SEARCH_USER_PATHS = NO;
				CLANG_ANALYZER_NONNULL = YES;
				CLANG_CXX_LANGUAGE_STANDARD = "gnu++0x";
				CLANG_CXX_LIBRARY = "libc++";
				CLANG_ENABLE_MODULES = YES;
				CLANG_ENABLE_OBJC_ARC = YES;
				CLANG_WARN_BOOL_CONVERSION = YES;
				CLANG_WARN_CONSTANT_CONVERSION = YES;
				CLANG_WARN_DIRECT_OBJC_ISA_USAGE = YES_ERROR;
				CLANG_WARN_EMPTY_BODY = YES;
				CLANG_WARN_ENUM_CONVERSION = YES;
				CLANG_WARN_INFINITE_RECURSION = YES;
				CLANG_WARN_INT_CONVERSION = YES;
				CLANG_WARN_OBJC_ROOT_CLASS = YES_ERROR;
				CLANG_WARN_SUSPICIOUS_MOVE = YES;
				CLANG_WARN_UNREACHABLE_CODE = YES;
				CLANG_WARN__DUPLICATE_METHOD_MATCH = YES;
				"CODE_SIGN_IDENTITY[sdk=iphoneos*]" = "iPhone Developer";
				COPY_PHASE_STRIP = NO;
				DEBUG_INFORMATION_FORMAT = dwarf;
				ENABLE_STRICT_OBJC_MSGSEND = YES;
				ENABLE_TESTABILITY = YES;
				GCC_C_LANGUAGE_STANDARD = gnu99;
				GCC_DYNAMIC_NO_PIC = NO;
				GCC_NO_COMMON_BLOCKS = YES;
				GCC_OPTIMIZATION_LEVEL = 0;
				GCC_PREPROCESSOR_DEFINITIONS = (
					"DEBUG=1",
					"$(inherited)",
				);
				GCC_WARN_64_TO_32_BIT_CONVERSION = YES;
				GCC_WARN_ABOUT_RETURN_TYPE = YES_ERROR;
				GCC_WARN_UNDECLARED_SELECTOR = YES;
				GCC_WARN_UNINITIALIZED_AUTOS = YES_AGGRESSIVE;
				GCC_WARN_UNUSED_FUNCTION = YES;
				GCC_WARN_UNUSED_VARIABLE = YES;
				IPHONEOS_DEPLOYMENT_TARGET = 9.0;
				MTL_ENABLE_DEBUG_INFO = YES;
				ONLY_ACTIVE_ARCH = YES;
				SDKROOT = iphoneos;
				SWIFT_OBJC_BRIDGING_HEADER = "";
				SWIFT_OPTIMIZATION_LEVEL = "-Onone";
			};
			name = Debug;
		};
		2B2EA77A1CBB0377001507DD /* Release */ = {
			isa = XCBuildConfiguration;
			buildSettings = {
				ALWAYS_SEARCH_USER_PATHS = NO;
				CLANG_ANALYZER_NONNULL = YES;
				CLANG_CXX_LANGUAGE_STANDARD = "gnu++0x";
				CLANG_CXX_LIBRARY = "libc++";
				CLANG_ENABLE_MODULES = YES;
				CLANG_ENABLE_OBJC_ARC = YES;
				CLANG_WARN_BOOL_CONVERSION = YES;
				CLANG_WARN_CONSTANT_CONVERSION = YES;
				CLANG_WARN_DIRECT_OBJC_ISA_USAGE = YES_ERROR;
				CLANG_WARN_EMPTY_BODY = YES;
				CLANG_WARN_ENUM_CONVERSION = YES;
				CLANG_WARN_INFINITE_RECURSION = YES;
				CLANG_WARN_INT_CONVERSION = YES;
				CLANG_WARN_OBJC_ROOT_CLASS = YES_ERROR;
				CLANG_WARN_SUSPICIOUS_MOVE = YES;
				CLANG_WARN_UNREACHABLE_CODE = YES;
				CLANG_WARN__DUPLICATE_METHOD_MATCH = YES;
				"CODE_SIGN_IDENTITY[sdk=iphoneos*]" = "iPhone Developer";
				COPY_PHASE_STRIP = NO;
				DEBUG_INFORMATION_FORMAT = "dwarf-with-dsym";
				ENABLE_NS_ASSERTIONS = NO;
				ENABLE_STRICT_OBJC_MSGSEND = YES;
				GCC_C_LANGUAGE_STANDARD = gnu99;
				GCC_NO_COMMON_BLOCKS = YES;
				GCC_WARN_64_TO_32_BIT_CONVERSION = YES;
				GCC_WARN_ABOUT_RETURN_TYPE = YES_ERROR;
				GCC_WARN_UNDECLARED_SELECTOR = YES;
				GCC_WARN_UNINITIALIZED_AUTOS = YES_AGGRESSIVE;
				GCC_WARN_UNUSED_FUNCTION = YES;
				GCC_WARN_UNUSED_VARIABLE = YES;
				IPHONEOS_DEPLOYMENT_TARGET = 9.0;
				MTL_ENABLE_DEBUG_INFO = NO;
				SDKROOT = iphoneos;
				SWIFT_OBJC_BRIDGING_HEADER = "";
				SWIFT_OPTIMIZATION_LEVEL = "-Owholemodule";
				VALIDATE_PRODUCT = YES;
			};
			name = Release;
		};
		2B2EA77C1CBB0377001507DD /* Debug */ = {
			isa = XCBuildConfiguration;
			baseConfigurationReference = A02526015C2AC40E8E286088 /* Pods-orderMe.debug.xcconfig */;
			buildSettings = {
				ASSETCATALOG_COMPILER_APPICON_NAME = AppIcon;
				CLANG_ENABLE_MODULES = YES;
				CODE_SIGN_ENTITLEMENTS = orderMe/OrderME.entitlements;
				CODE_SIGN_IDENTITY = "iPhone Developer";
				"CODE_SIGN_IDENTITY[sdk=iphoneos*]" = "iPhone Developer";
				DEVELOPMENT_TEAM = WN6V8DZ29J;
				INFOPLIST_FILE = orderMe/Info.plist;
				IPHONEOS_DEPLOYMENT_TARGET = 9.0;
				LD_RUNPATH_SEARCH_PATHS = "$(inherited) @executable_path/Frameworks";
				PRODUCT_BUNDLE_IDENTIFIER = com.borisgurtovoy.orderme;
				PRODUCT_NAME = OrderME;
				PROVISIONING_PROFILE = "";
				SWIFT_OPTIMIZATION_LEVEL = "-Onone";
				SWIFT_VERSION = 3.0;
			};
			name = Debug;
		};
		2B2EA77D1CBB0377001507DD /* Release */ = {
			isa = XCBuildConfiguration;
			baseConfigurationReference = 2A1C0503B5E49B7148C83F5D /* Pods-orderMe.release.xcconfig */;
			buildSettings = {
				ASSETCATALOG_COMPILER_APPICON_NAME = AppIcon;
				CLANG_ENABLE_MODULES = YES;
				CODE_SIGN_ENTITLEMENTS = orderMe/OrderME.entitlements;
				CODE_SIGN_IDENTITY = "iPhone Developer";
				"CODE_SIGN_IDENTITY[sdk=iphoneos*]" = "iPhone Developer";
				DEVELOPMENT_TEAM = WN6V8DZ29J;
				INFOPLIST_FILE = orderMe/Info.plist;
				IPHONEOS_DEPLOYMENT_TARGET = 9.0;
				LD_RUNPATH_SEARCH_PATHS = "$(inherited) @executable_path/Frameworks";
				PRODUCT_BUNDLE_IDENTIFIER = com.borisgurtovoy.orderme;
				PRODUCT_NAME = OrderME;
				PROVISIONING_PROFILE = "";
				SWIFT_VERSION = 3.0;
			};
			name = Release;
		};
		2BCFC41A1ED3F67700761283 /* Debug */ = {
			isa = XCBuildConfiguration;
			baseConfigurationReference = 1976FAADE5304B218A816420 /* Pods-OrderMEUITests.debug.xcconfig */;
			buildSettings = {
				CLANG_ANALYZER_NUMBER_OBJECT_CONVERSION = YES_AGGRESSIVE;
				CLANG_WARN_DOCUMENTATION_COMMENTS = YES;
				DEVELOPMENT_TEAM = C9Y48E93GG;
				INFOPLIST_FILE = OrderMEUITests/Info.plist;
				IPHONEOS_DEPLOYMENT_TARGET = 10.3;
				LD_RUNPATH_SEARCH_PATHS = "$(inherited) @executable_path/Frameworks @loader_path/Frameworks";
				PRODUCT_BUNDLE_IDENTIFIER = GurtCorporation.OrderMEUITests;
				PRODUCT_NAME = "$(TARGET_NAME)";
				SWIFT_ACTIVE_COMPILATION_CONDITIONS = DEBUG;
				SWIFT_VERSION = 3.0;
				TEST_TARGET_NAME = orderMe;
			};
			name = Debug;
		};
		2BCFC41B1ED3F67700761283 /* Release */ = {
			isa = XCBuildConfiguration;
			baseConfigurationReference = 0A1E6C06FD11E1DB88A716D9 /* Pods-OrderMEUITests.release.xcconfig */;
			buildSettings = {
				CLANG_ANALYZER_NUMBER_OBJECT_CONVERSION = YES_AGGRESSIVE;
				CLANG_WARN_DOCUMENTATION_COMMENTS = YES;
				DEVELOPMENT_TEAM = C9Y48E93GG;
				INFOPLIST_FILE = OrderMEUITests/Info.plist;
				IPHONEOS_DEPLOYMENT_TARGET = 10.3;
				LD_RUNPATH_SEARCH_PATHS = "$(inherited) @executable_path/Frameworks @loader_path/Frameworks";
				PRODUCT_BUNDLE_IDENTIFIER = GurtCorporation.OrderMEUITests;
				PRODUCT_NAME = "$(TARGET_NAME)";
				SWIFT_VERSION = 3.0;
				TEST_TARGET_NAME = orderMe;
			};
			name = Release;
		};
/* End XCBuildConfiguration section */

/* Begin XCConfigurationList section */
		2B2EA7641CBB0377001507DD /* Build configuration list for PBXProject "orderMe" */ = {
			isa = XCConfigurationList;
			buildConfigurations = (
				2B2EA7791CBB0377001507DD /* Debug */,
				2B2EA77A1CBB0377001507DD /* Release */,
			);
			defaultConfigurationIsVisible = 0;
			defaultConfigurationName = Release;
		};
		2B2EA77B1CBB0377001507DD /* Build configuration list for PBXNativeTarget "orderMe" */ = {
			isa = XCConfigurationList;
			buildConfigurations = (
				2B2EA77C1CBB0377001507DD /* Debug */,
				2B2EA77D1CBB0377001507DD /* Release */,
			);
			defaultConfigurationIsVisible = 0;
			defaultConfigurationName = Release;
		};
		2BCFC41C1ED3F67700761283 /* Build configuration list for PBXNativeTarget "OrderMEUITests" */ = {
			isa = XCConfigurationList;
			buildConfigurations = (
				2BCFC41A1ED3F67700761283 /* Debug */,
				2BCFC41B1ED3F67700761283 /* Release */,
			);
			defaultConfigurationIsVisible = 0;
			defaultConfigurationName = Release;
		};
/* End XCConfigurationList section */
	};
	rootObject = 2B2EA7611CBB0377001507DD /* Project object */;
}
